{
  "version": 4,
  "terraform_version": "1.9.8",
  "serial": 22,
  "lineage": "cbb453b7-9665-c6e8-9905-fb36db3a8de0",
  "outputs": {},
  "resources": [
    {
      "mode": "managed",
      "type": "google_compute_firewall",
      "name": "allow_frontend_http",
      "provider": "provider[\"registry.terraform.io/hashicorp/google\"]",
      "instances": [
        {
          "schema_version": 1,
          "attributes": {
            "allow": [
              {
                "ports": [
                  "80",
                  "8080"
                ],
                "protocol": "tcp"
              }
            ],
            "creation_timestamp": "2024-11-17T09:34:25.825-08:00",
            "deny": [],
            "description": "",
            "destination_ranges": [],
            "direction": "INGRESS",
            "disabled": false,
            "enable_logging": null,
            "id": "projects/awesome-destiny-436710-j1/global/firewalls/allow-frontend-http",
            "log_config": [],
            "name": "allow-frontend-http",
            "network": "https://www.googleapis.com/compute/v1/projects/awesome-destiny-436710-j1/global/networks/default",
            "priority": 1000,
            "project": "awesome-destiny-436710-j1",
            "self_link": "https://www.googleapis.com/compute/v1/projects/awesome-destiny-436710-j1/global/firewalls/allow-frontend-http",
            "source_ranges": [
              "0.0.0.0/0"
            ],
            "source_service_accounts": null,
            "source_tags": null,
            "target_service_accounts": null,
            "target_tags": [
              "frontend-server"
            ],
            "timeouts": null
          },
          "sensitive_attributes": [],
          "private": "eyJlMmJmYjczMC1lY2FhLTExZTYtOGY4OC0zNDM2M2JjN2M0YzAiOnsiY3JlYXRlIjoxMjAwMDAwMDAwMDAwLCJkZWxldGUiOjEyMDAwMDAwMDAwMDAsInVwZGF0ZSI6MTIwMDAwMDAwMDAwMH0sInNjaGVtYV92ZXJzaW9uIjoiMSJ9"
        }
      ]
    },
    {
      "mode": "managed",
      "type": "google_compute_firewall",
      "name": "allow_http_https",
      "provider": "provider[\"registry.terraform.io/hashicorp/google\"]",
      "instances": [
        {
          "schema_version": 1,
          "attributes": {
            "allow": [
              {
                "ports": [
                  "80",
                  "443",
                  "8080"
                ],
                "protocol": "tcp"
              }
            ],
            "creation_timestamp": "2024-11-14T06:05:46.907-08:00",
            "deny": [],
            "description": "",
            "destination_ranges": [],
            "direction": "INGRESS",
            "disabled": false,
            "enable_logging": null,
            "id": "projects/awesome-destiny-436710-j1/global/firewalls/allow-http-https",
            "log_config": [],
            "name": "allow-http-https",
            "network": "https://www.googleapis.com/compute/v1/projects/awesome-destiny-436710-j1/global/networks/default",
            "priority": 1000,
            "project": "awesome-destiny-436710-j1",
            "self_link": "https://www.googleapis.com/compute/v1/projects/awesome-destiny-436710-j1/global/firewalls/allow-http-https",
            "source_ranges": [
              "0.0.0.0/0"
            ],
            "source_service_accounts": [],
            "source_tags": [],
            "target_service_accounts": [],
            "target_tags": [
              "backend-server"
            ],
            "timeouts": null
          },
          "sensitive_attributes": [],
          "private": "eyJlMmJmYjczMC1lY2FhLTExZTYtOGY4OC0zNDM2M2JjN2M0YzAiOnsiY3JlYXRlIjoxMjAwMDAwMDAwMDAwLCJkZWxldGUiOjEyMDAwMDAwMDAwMDAsInVwZGF0ZSI6MTIwMDAwMDAwMDAwMH0sInNjaGVtYV92ZXJzaW9uIjoiMSJ9"
        }
      ]
    },
    {
      "mode": "managed",
      "type": "google_compute_firewall",
      "name": "allow_sql_proxy",
      "provider": "provider[\"registry.terraform.io/hashicorp/google\"]",
      "instances": [
        {
          "schema_version": 1,
          "attributes": {
            "allow": [
              {
                "ports": [
                  "3306"
                ],
                "protocol": "tcp"
              }
            ],
            "creation_timestamp": "2024-11-14T06:05:46.403-08:00",
            "deny": [],
            "description": "",
            "destination_ranges": [],
            "direction": "INGRESS",
            "disabled": false,
            "enable_logging": null,
            "id": "projects/awesome-destiny-436710-j1/global/firewalls/allow-sql-proxy",
            "log_config": [],
            "name": "allow-sql-proxy",
            "network": "https://www.googleapis.com/compute/v1/projects/awesome-destiny-436710-j1/global/networks/default",
            "priority": 1000,
            "project": "awesome-destiny-436710-j1",
            "self_link": "https://www.googleapis.com/compute/v1/projects/awesome-destiny-436710-j1/global/firewalls/allow-sql-proxy",
            "source_ranges": [],
            "source_service_accounts": [],
            "source_tags": [
              "backend-server"
            ],
            "target_service_accounts": [],
            "target_tags": [
              "backend-server"
            ],
            "timeouts": null
          },
          "sensitive_attributes": [],
          "private": "eyJlMmJmYjczMC1lY2FhLTExZTYtOGY4OC0zNDM2M2JjN2M0YzAiOnsiY3JlYXRlIjoxMjAwMDAwMDAwMDAwLCJkZWxldGUiOjEyMDAwMDAwMDAwMDAsInVwZGF0ZSI6MTIwMDAwMDAwMDAwMH0sInNjaGVtYV92ZXJzaW9uIjoiMSJ9"
        }
      ]
    },
    {
      "mode": "managed",
      "type": "google_compute_instance",
      "name": "backend_server",
      "provider": "provider[\"registry.terraform.io/hashicorp/google\"]",
      "instances": [
        {
          "schema_version": 6,
          "attributes": {
            "advanced_machine_features": [],
            "allow_stopping_for_update": null,
            "attached_disk": [],
            "boot_disk": [
              {
                "auto_delete": true,
                "device_name": "persistent-disk-0",
                "disk_encryption_key_raw": "",
                "disk_encryption_key_sha256": "",
                "initialize_params": [
                  {
                    "enable_confidential_compute": false,
                    "image": "https://www.googleapis.com/compute/v1/projects/debian-cloud/global/images/debian-11-bullseye-v20241112",
                    "labels": {},
                    "provisioned_iops": 0,
                    "provisioned_throughput": 0,
                    "resource_manager_tags": null,
                    "resource_policies": [],
                    "size": 10,
                    "storage_pool": "",
                    "type": "pd-standard"
                  }
                ],
                "interface": "",
                "kms_key_self_link": "",
                "mode": "READ_WRITE",
                "source": "https://www.googleapis.com/compute/v1/projects/awesome-destiny-436710-j1/zones/europe-west1-b/disks/backend-server"
              }
            ],
            "can_ip_forward": false,
            "confidential_instance_config": [],
            "cpu_platform": "Intel Broadwell",
            "creation_timestamp": "2024-11-17T09:35:19.937-08:00",
            "current_status": "RUNNING",
            "deletion_protection": false,
            "description": "",
            "desired_status": null,
            "effective_labels": {
              "goog-terraform-provisioned": "true"
            },
            "enable_display": false,
            "guest_accelerator": [],
            "hostname": "",
            "id": "projects/awesome-destiny-436710-j1/zones/europe-west1-b/instances/backend-server",
            "instance_id": "5266657685093717944",
            "key_revocation_action_type": "",
            "label_fingerprint": "vezUS-42LLM=",
            "labels": null,
            "machine_type": "e2-micro",
            "metadata": null,
            "metadata_fingerprint": "zp9hcIQYnk0=",
            "metadata_startup_script": "#!/bin/bash\r\n# Install backend dependencies\r\nsudo apt update\r\nsudo apt install -y curl\r\n\r\n# Install the Cloud SQL Auth Proxy\r\ncurl -o cloud_sql_proxy https://dl.google.com/cloudsql/cloud_sql_proxy.linux.amd64\r\nchmod +x cloud_sql_proxy\r\nsudo mv cloud_sql_proxy /usr/local/bin/\r\n\r\n# Start the Cloud SQL Auth Proxy to connect to your database instance\r\ncloud_sql_proxy -instances=awesome-destiny-436710-j1:europe-west1:cloud-sql=tcp:3306 \u0026\r\n",
            "min_cpu_platform": "",
            "name": "backend-server",
            "network_interface": [
              {
                "access_config": [
                  {
                    "nat_ip": "34.140.243.29",
                    "network_tier": "PREMIUM",
                    "public_ptr_domain_name": ""
                  }
                ],
                "alias_ip_range": [],
                "internal_ipv6_prefix_length": 0,
                "ipv6_access_config": [],
                "ipv6_access_type": "",
                "ipv6_address": "",
                "name": "nic0",
                "network": "https://www.googleapis.com/compute/v1/projects/awesome-destiny-436710-j1/global/networks/default",
                "network_ip": "10.132.0.9",
                "nic_type": "",
                "queue_count": 0,
                "stack_type": "IPV4_ONLY",
                "subnetwork": "https://www.googleapis.com/compute/v1/projects/awesome-destiny-436710-j1/regions/europe-west1/subnetworks/default",
                "subnetwork_project": "awesome-destiny-436710-j1"
              }
            ],
            "network_performance_config": [],
            "params": [],
            "project": "awesome-destiny-436710-j1",
            "reservation_affinity": [],
            "resource_policies": null,
            "scheduling": [
              {
                "automatic_restart": true,
                "instance_termination_action": "",
                "local_ssd_recovery_timeout": [],
                "max_run_duration": [],
                "min_node_cpus": 0,
                "node_affinities": [],
                "on_host_maintenance": "MIGRATE",
                "on_instance_stop_action": [],
                "preemptible": false,
                "provisioning_model": "STANDARD"
              }
            ],
            "scratch_disk": [],
            "self_link": "https://www.googleapis.com/compute/v1/projects/awesome-destiny-436710-j1/zones/europe-west1-b/instances/backend-server",
            "service_account": [
              {
                "email": "test-495@awesome-destiny-436710-j1.iam.gserviceaccount.com",
                "scopes": [
                  "https://www.googleapis.com/auth/cloud-platform"
                ]
              }
            ],
            "shielded_instance_config": [
              {
                "enable_integrity_monitoring": true,
                "enable_secure_boot": false,
                "enable_vtpm": true
              }
            ],
            "tags": [
              "backend-server"
            ],
            "tags_fingerprint": "MK3rVqG9aAQ=",
            "terraform_labels": {
              "goog-terraform-provisioned": "true"
            },
            "timeouts": null,
            "zone": "europe-west1-b"
          },
          "sensitive_attributes": [
            [
              {
                "type": "get_attr",
                "value": "boot_disk"
              },
              {
                "type": "index",
                "value": {
                  "value": 0,
                  "type": "number"
                }
              },
              {
                "type": "get_attr",
                "value": "disk_encryption_key_raw"
              }
            ]
          ],
          "private": "eyJlMmJmYjczMC1lY2FhLTExZTYtOGY4OC0zNDM2M2JjN2M0YzAiOnsiY3JlYXRlIjoxMjAwMDAwMDAwMDAwLCJkZWxldGUiOjEyMDAwMDAwMDAwMDAsInVwZGF0ZSI6MTIwMDAwMDAwMDAwMH0sInNjaGVtYV92ZXJzaW9uIjoiNiJ9"
        }
      ]
    },
    {
      "mode": "managed",
      "type": "google_compute_instance",
      "name": "frontend_server",
      "provider": "provider[\"registry.terraform.io/hashicorp/google\"]",
      "instances": [
        {
          "schema_version": 6,
          "attributes": {
            "advanced_machine_features": [],
            "allow_stopping_for_update": null,
            "attached_disk": [],
            "boot_disk": [
              {
                "auto_delete": true,
                "device_name": "persistent-disk-0",
                "disk_encryption_key_raw": "",
                "disk_encryption_key_sha256": "",
                "initialize_params": [
                  {
                    "enable_confidential_compute": false,
                    "image": "https://www.googleapis.com/compute/v1/projects/debian-cloud/global/images/debian-11-bullseye-v20241112",
                    "labels": {},
                    "provisioned_iops": 0,
                    "provisioned_throughput": 0,
                    "resource_manager_tags": null,
                    "resource_policies": [],
                    "size": 10,
                    "storage_pool": "",
                    "type": "pd-standard"
                  }
                ],
                "interface": "",
                "kms_key_self_link": "",
                "mode": "READ_WRITE",
                "source": "https://www.googleapis.com/compute/v1/projects/awesome-destiny-436710-j1/zones/europe-west1-b/disks/frontend-server"
              }
            ],
            "can_ip_forward": false,
            "confidential_instance_config": [],
            "cpu_platform": "Intel Broadwell",
            "creation_timestamp": "2024-11-17T09:34:27.718-08:00",
            "current_status": "RUNNING",
            "deletion_protection": false,
            "description": "",
            "desired_status": null,
            "effective_labels": {
              "goog-terraform-provisioned": "true"
            },
            "enable_display": false,
            "guest_accelerator": [],
            "hostname": "",
            "id": "projects/awesome-destiny-436710-j1/zones/europe-west1-b/instances/frontend-server",
            "instance_id": "2288284138049345484",
            "key_revocation_action_type": "",
            "label_fingerprint": "vezUS-42LLM=",
            "labels": null,
            "machine_type": "e2-micro",
            "metadata": null,
            "metadata_fingerprint": "YQsilHd3z2c=",
            "metadata_startup_script": "#!/bin/bash\r\n# Update package list and install Apache\r\nsudo apt update\r\nsudo apt install -y apache2\r\n\r\n# Create a simple HTML page as the frontend\r\necho \"\u003chtml\u003e\u003cbody\u003e\u003ch1\u003eWelcome to the Frontend!\u003c/h1\u003e\u003cp\u003eConnected to Backend: http://\u003cBACKEND_IP\u003e:8080\u003c/p\u003e\u003c/body\u003e\u003c/html\u003e\" \u003e /var/www/html/index.html\r\n\r\n# Ensure Apache is running\r\nsudo systemctl start apache2\r\nsudo systemctl enable apache2\r\n",
            "min_cpu_platform": "",
            "name": "frontend-server",
            "network_interface": [
              {
                "access_config": [
                  {
                    "nat_ip": "35.233.14.221",
                    "network_tier": "PREMIUM",
                    "public_ptr_domain_name": ""
                  }
                ],
                "alias_ip_range": [],
                "internal_ipv6_prefix_length": 0,
                "ipv6_access_config": [],
                "ipv6_access_type": "",
                "ipv6_address": "",
                "name": "nic0",
                "network": "https://www.googleapis.com/compute/v1/projects/awesome-destiny-436710-j1/global/networks/default",
                "network_ip": "10.132.0.8",
                "nic_type": "",
                "queue_count": 0,
                "stack_type": "IPV4_ONLY",
                "subnetwork": "https://www.googleapis.com/compute/v1/projects/awesome-destiny-436710-j1/regions/europe-west1/subnetworks/default",
                "subnetwork_project": "awesome-destiny-436710-j1"
              }
            ],
            "network_performance_config": [],
            "params": [],
            "project": "awesome-destiny-436710-j1",
            "reservation_affinity": [],
            "resource_policies": null,
            "scheduling": [
              {
                "automatic_restart": true,
                "instance_termination_action": "",
                "local_ssd_recovery_timeout": [],
                "max_run_duration": [],
                "min_node_cpus": 0,
                "node_affinities": [],
                "on_host_maintenance": "MIGRATE",
                "on_instance_stop_action": [],
                "preemptible": false,
                "provisioning_model": "STANDARD"
              }
            ],
            "scratch_disk": [],
            "self_link": "https://www.googleapis.com/compute/v1/projects/awesome-destiny-436710-j1/zones/europe-west1-b/instances/frontend-server",
            "service_account": [
              {
                "email": "test-495@awesome-destiny-436710-j1.iam.gserviceaccount.com",
                "scopes": [
                  "https://www.googleapis.com/auth/cloud-platform"
                ]
              }
            ],
            "shielded_instance_config": [
              {
                "enable_integrity_monitoring": true,
                "enable_secure_boot": false,
                "enable_vtpm": true
              }
            ],
            "tags": [
              "frontend-server"
            ],
            "tags_fingerprint": "vP5TjcmtPN8=",
            "terraform_labels": {
              "goog-terraform-provisioned": "true"
            },
            "timeouts": null,
            "zone": "europe-west1-b"
          },
          "sensitive_attributes": [
            [
              {
                "type": "get_attr",
                "value": "boot_disk"
              },
              {
                "type": "index",
                "value": {
                  "value": 0,
                  "type": "number"
                }
              },
              {
                "type": "get_attr",
                "value": "disk_encryption_key_raw"
              }
            ]
          ],
          "private": "eyJlMmJmYjczMC1lY2FhLTExZTYtOGY4OC0zNDM2M2JjN2M0YzAiOnsiY3JlYXRlIjoxMjAwMDAwMDAwMDAwLCJkZWxldGUiOjEyMDAwMDAwMDAwMDAsInVwZGF0ZSI6MTIwMDAwMDAwMDAwMH0sInNjaGVtYV92ZXJzaW9uIjoiNiJ9"
        }
      ]
    },
    {
      "mode": "managed",
      "type": "google_sql_database",
      "name": "my_database",
      "provider": "provider[\"registry.terraform.io/hashicorp/google\"]",
      "instances": [
        {
          "schema_version": 0,
          "attributes": {
            "charset": "utf8mb4",
            "collation": "utf8mb4_0900_ai_ci",
            "deletion_policy": "DELETE",
            "id": "projects/awesome-destiny-436710-j1/instances/cloud-sql/databases/terraform_database",
            "instance": "cloud-sql",
            "name": "terraform_database",
            "project": "awesome-destiny-436710-j1",
            "self_link": "https://sqladmin.googleapis.com/sql/v1beta4/projects/awesome-destiny-436710-j1/instances/cloud-sql/databases/terraform_database",
            "timeouts": null
          },
          "sensitive_attributes": [],
          "private": "eyJlMmJmYjczMC1lY2FhLTExZTYtOGY4OC0zNDM2M2JjN2M0YzAiOnsiY3JlYXRlIjoxMjAwMDAwMDAwMDAwLCJkZWxldGUiOjEyMDAwMDAwMDAwMDAsInVwZGF0ZSI6MTIwMDAwMDAwMDAwMH0sInNjaGVtYV92ZXJzaW9uIjoiMCJ9",
          "dependencies": [
            "google_sql_database_instance.my_mysql_instance"
          ]
        }
      ]
    },
    {
      "mode": "managed",
      "type": "google_sql_database_instance",
      "name": "my_mysql_instance",
      "provider": "provider[\"registry.terraform.io/hashicorp/google\"]",
      "instances": [
        {
          "schema_version": 0,
          "attributes": {
            "available_maintenance_versions": [],
            "clone": [],
            "connection_name": "awesome-destiny-436710-j1:europe-west1:cloud-sql",
            "database_version": "MYSQL_8_0",
            "deletion_protection": true,
            "dns_name": "",
            "encryption_key_name": null,
            "first_ip_address": "35.241.190.210",
            "id": "cloud-sql",
            "instance_type": "CLOUD_SQL_INSTANCE",
            "ip_address": [
              {
                "ip_address": "35.241.190.210",
                "time_to_retire": "",
                "type": "PRIMARY"
              }
            ],
            "maintenance_version": "MYSQL_8_0_31.R20241020.02_00",
            "master_instance_name": "",
            "name": "cloud-sql",
            "private_ip_address": "",
            "project": "awesome-destiny-436710-j1",
            "psc_service_attachment_link": "",
            "public_ip_address": "35.241.190.210",
            "region": "europe-west1",
            "replica_configuration": [],
            "replica_names": [],
            "restore_backup_context": [],
            "root_password": null,
            "self_link": "https://sqladmin.googleapis.com/sql/v1beta4/projects/awesome-destiny-436710-j1/instances/cloud-sql",
            "server_ca_cert": [
              {
                "cert": "-----BEGIN CERTIFICATE-----\nMIIDfzCCAmegAwIBAgIBADANBgkqhkiG9w0BAQsFADB3MS0wKwYDVQQuEyQ5N2Ix\nZjE2Yi0zYWFkLTRkY2ItYjY3NC1jZGZmMDMwZTRiZWUxIzAhBgNVBAMTGkdvb2ds\nZSBDbG91ZCBTUUwgU2VydmVyIENBMRQwEgYDVQQKEwtHb29nbGUsIEluYzELMAkG\nA1UEBhMCVVMwHhcNMjQxMTA4MTM1NDExWhcNMzQxMTA2MTM1NTExWjB3MS0wKwYD\nVQQuEyQ5N2IxZjE2Yi0zYWFkLTRkY2ItYjY3NC1jZGZmMDMwZTRiZWUxIzAhBgNV\nBAMTGkdvb2dsZSBDbG91ZCBTUUwgU2VydmVyIENBMRQwEgYDVQQKEwtHb29nbGUs\nIEluYzELMAkGA1UEBhMCVVMwggEiMA0GCSqGSIb3DQEBAQUAA4IBDwAwggEKAoIB\nAQCxhX0BErJgLZsrHXupKwIlPK/pkDGCxZ+1lKrhdYQ6DR5xm4Yxt5rti5B7O0AY\nhd6Pbe3rRDMRvqYlD/rg7yz2c6uK/AtNswBMlsgQ6R1k2BSU4U9XYkJQAHHWm1UQ\nb9Sdc/jjuWYMdUlexRGx9twZ1PbPe84Dgzg3CsZQ2HIwzI29Glptp34iX9rP39v3\nUG0VcJms1KBaStL4npwLkNWNXAip1H1QC6vgjF28zktuXGUcelnC/diwxnY+SsiA\njATCWOnprtnC4lka21hrbfyMDW+RCHM65zyilTk0Xthn8fQhXK1ARchUT89ehLng\nfs8kxvl9rM0KlD0pmrDlylJ5AgMBAAGjFjAUMBIGA1UdEwEB/wQIMAYBAf8CAQAw\nDQYJKoZIhvcNAQELBQADggEBADYjVO3+VlDV/spAdD3uyT44kEeX770z7BoDEnab\nfQ2cfAQZIaELsLn1Mc6EYMO8uD0PIQ+rILH+q8IzfGF/9g05rGvjeuG5KxAWjzs1\n8QtHX8b71uCaYMZD2OvyffAvV1/FSlv4r85mrgM2d1sWP9nsbsyE8LdHR+6Ji7gA\npjTllKbAEOsnye58Q0xwS6TG4E1mMuksznXPs6p0Lhboi1EXHYOhbd0qL7C0vhLJ\nF7l7R8ZeJJfYVC0sNrSQhknF2F4HP/ffch+Lhg929FZONmfC9OwSjHG5TZOsOr04\n2adsaXHz1PbkF8TgqJp7StZ29IubehBQOqWV48yOGT9Zibw=\n-----END CERTIFICATE-----",
                "common_name": "C=US,O=Google\\, Inc,CN=Google Cloud SQL Server CA,dnQualifier=97b1f16b-3aad-4dcb-b674-cdff030e4bee",
                "create_time": "2024-11-08T13:54:11.237Z",
                "expiration_time": "2034-11-06T13:55:11.237Z",
                "sha1_fingerprint": "777020157d95d40eef3972a70ffc66ad7c808494"
              }
            ],
            "service_account_email_address": "p226073965100-n5klqr@gcp-sa-cloud-sql.iam.gserviceaccount.com",
            "settings": [
              {
                "activation_policy": "ALWAYS",
                "active_directory_config": [],
                "advanced_machine_features": [],
                "availability_type": "ZONAL",
                "backup_configuration": [
                  {
                    "backup_retention_settings": [
                      {
                        "retained_backups": 7,
                        "retention_unit": "COUNT"
                      }
                    ],
                    "binary_log_enabled": false,
                    "enabled": false,
                    "location": "",
                    "point_in_time_recovery_enabled": false,
                    "start_time": "14:00",
                    "transaction_log_retention_days": 7
                  }
                ],
                "collation": "",
                "connector_enforcement": "NOT_REQUIRED",
                "data_cache_config": [],
                "database_flags": [],
                "deletion_protection_enabled": false,
                "deny_maintenance_period": [],
                "disk_autoresize": true,
                "disk_autoresize_limit": 0,
                "disk_size": 10,
                "disk_type": "PD_SSD",
                "edition": "ENTERPRISE",
                "enable_dataplex_integration": false,
                "enable_google_ml_integration": false,
                "insights_config": [
                  {
                    "query_insights_enabled": false,
                    "query_plans_per_minute": 0,
                    "query_string_length": 0,
                    "record_application_tags": false,
                    "record_client_address": false
                  }
                ],
                "ip_configuration": [
                  {
                    "allocated_ip_range": "",
                    "authorized_networks": [
                      {
                        "expiration_time": "",
                        "name": "my-office-network",
                        "value": "129.241.236.83"
                      },
                      {
                        "expiration_time": "",
                        "name": "my-vm-network",
                        "value": "34.140.243.29"
                      }
                    ],
                    "enable_private_path_for_google_cloud_services": false,
                    "ipv4_enabled": true,
                    "private_network": "",
                    "psc_config": [],
                    "server_ca_mode": "GOOGLE_MANAGED_INTERNAL_CA",
                    "ssl_mode": "ALLOW_UNENCRYPTED_AND_ENCRYPTED"
                  }
                ],
                "location_preference": [
                  {
                    "follow_gae_application": "",
                    "secondary_zone": "",
                    "zone": "europe-west1-d"
                  }
                ],
                "maintenance_window": [],
                "password_validation_policy": [],
                "pricing_plan": "PER_USE",
                "sql_server_audit_config": [],
                "tier": "db-f1-micro",
                "time_zone": "",
                "user_labels": {},
                "version": 20
              }
            ],
            "timeouts": null
          },
          "sensitive_attributes": [
            [
              {
                "type": "get_attr",
                "value": "root_password"
              }
            ],
            [
              {
                "type": "get_attr",
                "value": "server_ca_cert"
              }
            ]
          ],
          "private": "eyJlMmJmYjczMC1lY2FhLTExZTYtOGY4OC0zNDM2M2JjN2M0YzAiOnsiY3JlYXRlIjo1NDAwMDAwMDAwMDAwLCJkZWxldGUiOjU0MDAwMDAwMDAwMDAsInVwZGF0ZSI6NTQwMDAwMDAwMDAwMH0sInNjaGVtYV92ZXJzaW9uIjoiMCJ9"
        }
      ]
    },
    {
      "mode": "managed",
      "type": "google_sql_user",
      "name": "my_mysql_user",
      "provider": "provider[\"registry.terraform.io/hashicorp/google\"]",
      "instances": [
        {
          "schema_version": 1,
          "attributes": {
            "deletion_policy": null,
            "host": "%",
            "id": "cloud/%/cloud-sql",
            "instance": "cloud-sql",
            "name": "cloud",
            "password": "mohmoh12",
            "password_policy": [],
            "project": "awesome-destiny-436710-j1",
            "sql_server_user_details": [],
            "timeouts": null,
            "type": ""
          },
          "sensitive_attributes": [
            [
              {
                "type": "get_attr",
                "value": "password"
              }
            ]
          ],
          "private": "eyJlMmJmYjczMC1lY2FhLTExZTYtOGY4OC0zNDM2M2JjN2M0YzAiOnsiY3JlYXRlIjo2MDAwMDAwMDAwMDAsImRlbGV0ZSI6NjAwMDAwMDAwMDAwLCJ1cGRhdGUiOjYwMDAwMDAwMDAwMH0sInNjaGVtYV92ZXJzaW9uIjoiMSJ9",
          "dependencies": [
            "google_sql_database_instance.my_mysql_instance"
          ]
        }
      ]
    }
  ],
  "check_results": null
}
