{
  "version": 4,
  "terraform_version": "1.9.8",
  "serial": 2,
  "lineage": "3e5d8073-2a81-586a-764c-6830f568b41b",
  "outputs": {},
  "resources": [
    {
      "mode": "managed",
      "type": "google_sql_database",
      "name": "my_database",
      "provider": "provider[\"registry.terraform.io/hashicorp/google\"]",
      "instances": [
        {
          "schema_version": 0,
          "attributes": {
            "charset": "utf8mb4",
            "collation": "utf8mb4_0900_ai_ci",
            "deletion_policy": "DELETE",
            "id": "projects/awesome-destiny-436710-j1/instances/cloud-sql/databases/terraform_database",
            "instance": "cloud-sql",
            "name": "terraform_database",
            "project": "awesome-destiny-436710-j1",
            "self_link": "https://sqladmin.googleapis.com/sql/v1beta4/projects/awesome-destiny-436710-j1/instances/cloud-sql/databases/terraform_database",
            "timeouts": null
          },
          "sensitive_attributes": [],
          "private": "eyJlMmJmYjczMC1lY2FhLTExZTYtOGY4OC0zNDM2M2JjN2M0YzAiOnsiY3JlYXRlIjoxMjAwMDAwMDAwMDAwLCJkZWxldGUiOjEyMDAwMDAwMDAwMDAsInVwZGF0ZSI6MTIwMDAwMDAwMDAwMH0sInNjaGVtYV92ZXJzaW9uIjoiMCJ9"
        }
      ]
    },
    {
      "mode": "managed",
      "type": "google_sql_database_instance",
      "name": "my_mysql_instance",
      "provider": "provider[\"registry.terraform.io/hashicorp/google\"]",
      "instances": [
        {
          "schema_version": 0,
          "attributes": {
            "available_maintenance_versions": [],
            "clone": [],
            "connection_name": "awesome-destiny-436710-j1:europe-west1:cloud-sql",
            "database_version": "MYSQL_8_0",
            "deletion_protection": true,
            "dns_name": "",
            "encryption_key_name": null,
            "first_ip_address": "35.241.190.210",
            "id": "cloud-sql",
            "instance_type": "CLOUD_SQL_INSTANCE",
            "ip_address": [
              {
                "ip_address": "35.241.190.210",
                "time_to_retire": "",
                "type": "PRIMARY"
              }
            ],
            "maintenance_version": "MYSQL_8_0_31.R20241020.02_00",
            "master_instance_name": "",
            "name": "cloud-sql",
            "private_ip_address": "",
            "project": "awesome-destiny-436710-j1",
            "psc_service_attachment_link": "",
            "public_ip_address": "35.241.190.210",
            "region": "europe-west1",
            "replica_configuration": [],
            "replica_names": [],
            "restore_backup_context": [],
            "root_password": null,
            "self_link": "https://sqladmin.googleapis.com/sql/v1beta4/projects/awesome-destiny-436710-j1/instances/cloud-sql",
            "server_ca_cert": [
              {
                "cert": "-----BEGIN CERTIFICATE-----\nMIIDfzCCAmegAwIBAgIBADANBgkqhkiG9w0BAQsFADB3MS0wKwYDVQQuEyQ5N2Ix\nZjE2Yi0zYWFkLTRkY2ItYjY3NC1jZGZmMDMwZTRiZWUxIzAhBgNVBAMTGkdvb2ds\nZSBDbG91ZCBTUUwgU2VydmVyIENBMRQwEgYDVQQKEwtHb29nbGUsIEluYzELMAkG\nA1UEBhMCVVMwHhcNMjQxMTA4MTM1NDExWhcNMzQxMTA2MTM1NTExWjB3MS0wKwYD\nVQQuEyQ5N2IxZjE2Yi0zYWFkLTRkY2ItYjY3NC1jZGZmMDMwZTRiZWUxIzAhBgNV\nBAMTGkdvb2dsZSBDbG91ZCBTUUwgU2VydmVyIENBMRQwEgYDVQQKEwtHb29nbGUs\nIEluYzELMAkGA1UEBhMCVVMwggEiMA0GCSqGSIb3DQEBAQUAA4IBDwAwggEKAoIB\nAQCxhX0BErJgLZsrHXupKwIlPK/pkDGCxZ+1lKrhdYQ6DR5xm4Yxt5rti5B7O0AY\nhd6Pbe3rRDMRvqYlD/rg7yz2c6uK/AtNswBMlsgQ6R1k2BSU4U9XYkJQAHHWm1UQ\nb9Sdc/jjuWYMdUlexRGx9twZ1PbPe84Dgzg3CsZQ2HIwzI29Glptp34iX9rP39v3\nUG0VcJms1KBaStL4npwLkNWNXAip1H1QC6vgjF28zktuXGUcelnC/diwxnY+SsiA\njATCWOnprtnC4lka21hrbfyMDW+RCHM65zyilTk0Xthn8fQhXK1ARchUT89ehLng\nfs8kxvl9rM0KlD0pmrDlylJ5AgMBAAGjFjAUMBIGA1UdEwEB/wQIMAYBAf8CAQAw\nDQYJKoZIhvcNAQELBQADggEBADYjVO3+VlDV/spAdD3uyT44kEeX770z7BoDEnab\nfQ2cfAQZIaELsLn1Mc6EYMO8uD0PIQ+rILH+q8IzfGF/9g05rGvjeuG5KxAWjzs1\n8QtHX8b71uCaYMZD2OvyffAvV1/FSlv4r85mrgM2d1sWP9nsbsyE8LdHR+6Ji7gA\npjTllKbAEOsnye58Q0xwS6TG4E1mMuksznXPs6p0Lhboi1EXHYOhbd0qL7C0vhLJ\nF7l7R8ZeJJfYVC0sNrSQhknF2F4HP/ffch+Lhg929FZONmfC9OwSjHG5TZOsOr04\n2adsaXHz1PbkF8TgqJp7StZ29IubehBQOqWV48yOGT9Zibw=\n-----END CERTIFICATE-----",
                "common_name": "C=US,O=Google\\, Inc,CN=Google Cloud SQL Server CA,dnQualifier=97b1f16b-3aad-4dcb-b674-cdff030e4bee",
                "create_time": "2024-11-08T13:54:11.237Z",
                "expiration_time": "2034-11-06T13:55:11.237Z",
                "sha1_fingerprint": "777020157d95d40eef3972a70ffc66ad7c808494"
              }
            ],
            "service_account_email_address": "p226073965100-n5klqr@gcp-sa-cloud-sql.iam.gserviceaccount.com",
            "settings": [
              {
                "activation_policy": "ALWAYS",
                "active_directory_config": [],
                "advanced_machine_features": [],
                "availability_type": "ZONAL",
                "backup_configuration": [
                  {
                    "backup_retention_settings": [
                      {
                        "retained_backups": 7,
                        "retention_unit": "COUNT"
                      }
                    ],
                    "binary_log_enabled": false,
                    "enabled": false,
                    "location": "",
                    "point_in_time_recovery_enabled": false,
                    "start_time": "14:00",
                    "transaction_log_retention_days": 7
                  }
                ],
                "collation": "",
                "connector_enforcement": "NOT_REQUIRED",
                "data_cache_config": [],
                "database_flags": [],
                "deletion_protection_enabled": false,
                "deny_maintenance_period": [],
                "disk_autoresize": true,
                "disk_autoresize_limit": 0,
                "disk_size": 10,
                "disk_type": "PD_SSD",
                "edition": "ENTERPRISE",
                "enable_dataplex_integration": false,
                "enable_google_ml_integration": false,
                "insights_config": [
                  {
                    "query_insights_enabled": false,
                    "query_plans_per_minute": 0,
                    "query_string_length": 0,
                    "record_application_tags": false,
                    "record_client_address": false
                  }
                ],
                "ip_configuration": [
                  {
                    "allocated_ip_range": "",
                    "authorized_networks": [
                      {
                        "expiration_time": "",
                        "name": "my-office-network",
                        "value": "129.241.236.73"
                      }
                    ],
                    "enable_private_path_for_google_cloud_services": false,
                    "ipv4_enabled": true,
                    "private_network": "",
                    "psc_config": [],
                    "server_ca_mode": "GOOGLE_MANAGED_INTERNAL_CA",
                    "ssl_mode": "ALLOW_UNENCRYPTED_AND_ENCRYPTED"
                  }
                ],
                "location_preference": [
                  {
                    "follow_gae_application": "",
                    "secondary_zone": "",
                    "zone": "europe-west1-d"
                  }
                ],
                "maintenance_window": [],
                "password_validation_policy": [],
                "pricing_plan": "PER_USE",
                "sql_server_audit_config": [],
                "tier": "db-f1-micro",
                "time_zone": "",
                "user_labels": {},
                "version": 14
              }
            ],
            "timeouts": null
          },
          "sensitive_attributes": [
            [
              {
                "type": "get_attr",
                "value": "root_password"
              }
            ],
            [
              {
                "type": "get_attr",
                "value": "server_ca_cert"
              }
            ]
          ],
          "private": "eyJlMmJmYjczMC1lY2FhLTExZTYtOGY4OC0zNDM2M2JjN2M0YzAiOnsiY3JlYXRlIjo1NDAwMDAwMDAwMDAwLCJkZWxldGUiOjU0MDAwMDAwMDAwMDAsInVwZGF0ZSI6NTQwMDAwMDAwMDAwMH0sInNjaGVtYV92ZXJzaW9uIjoiMCJ9"
        }
      ]
    }
  ],
  "check_results": null
}
